// !$*UTF8*$!
{
	archiveVersion = 1;
	classes = {
	};
	objectVersion = 51;
	objects = {

/* Begin PBXBuildFile section */
		3B39591E9DD8303F39E90612 /* Pods_42EventsTests.framework in Frameworks */ = {isa = PBXBuildFile; fileRef = C1F38930D4B1C2E643656A92 /* Pods_42EventsTests.framework */; };
		8D85D06218DFCE35D9554601 /* Pods_42Events.framework in Frameworks */ = {isa = PBXBuildFile; fileRef = 56EC462620577ABBB3A13F1E /* Pods_42Events.framework */; };
		A00A7A710241A8BD72C9C945 /* Pods_42Events_42EventsUITests.framework in Frameworks */ = {isa = PBXBuildFile; fileRef = 2BFC0957AF07723358BEF0F6 /* Pods_42Events_42EventsUITests.framework */; };
		E122C28F2656406A008611DF /* DynamicHeightCollectionView.swift in Sources */ = {isa = PBXBuildFile; fileRef = E122C28E2656406A008611DF /* DynamicHeightCollectionView.swift */; };
		E122C29426564B0A008611DF /* LeftAlignedCollectionViewFlowLayout.swift in Sources */ = {isa = PBXBuildFile; fileRef = E122C29326564B0A008611DF /* LeftAlignedCollectionViewFlowLayout.swift */; };
		E12565762656BBD300CCCEA7 /* SettingsVC.swift in Sources */ = {isa = PBXBuildFile; fileRef = E12565742656BBD300CCCEA7 /* SettingsVC.swift */; };
		E12565772656BBD300CCCEA7 /* SettingsVC.xib in Resources */ = {isa = PBXBuildFile; fileRef = E12565752656BBD300CCCEA7 /* SettingsVC.xib */; };
		E12565812656BC8B00CCCEA7 /* SettingTableViewCell.swift in Sources */ = {isa = PBXBuildFile; fileRef = E125657F2656BC8B00CCCEA7 /* SettingTableViewCell.swift */; };
		E12565822656BC8B00CCCEA7 /* SettingTableViewCell.xib in Resources */ = {isa = PBXBuildFile; fileRef = E12565802656BC8B00CCCEA7 /* SettingTableViewCell.xib */; };
		E125658E2656BCED00CCCEA7 /* Setting.swift in Sources */ = {isa = PBXBuildFile; fileRef = E125658D2656BCED00CCCEA7 /* Setting.swift */; };
		E12565A22656C55400CCCEA7 /* SwipeBackNavigationController.swift in Sources */ = {isa = PBXBuildFile; fileRef = E12565A12656C55400CCCEA7 /* SwipeBackNavigationController.swift */; };
		E12565A72656CA9E00CCCEA7 /* Language.swift in Sources */ = {isa = PBXBuildFile; fileRef = E12565A62656CA9E00CCCEA7 /* Language.swift */; };
		E12565BA2656D27C00CCCEA7 /* Text.swift in Sources */ = {isa = PBXBuildFile; fileRef = E12565B92656D27C00CCCEA7 /* Text.swift */; };
		E12565BF2656D2E700CCCEA7 /* Localize+Ext.swift in Sources */ = {isa = PBXBuildFile; fileRef = E12565BE2656D2E700CCCEA7 /* Localize+Ext.swift */; };
		E12565C926574EE100CCCEA7 /* Localizable.strings in Resources */ = {isa = PBXBuildFile; fileRef = E12565CB26574EE100CCCEA7 /* Localizable.strings */; };
		E12565E22657518200CCCEA7 /* TableViewCell.swift in Sources */ = {isa = PBXBuildFile; fileRef = E12565E12657518200CCCEA7 /* TableViewCell.swift */; };
		E12565E72657521900CCCEA7 /* CollectionViewCell.swift in Sources */ = {isa = PBXBuildFile; fileRef = E12565E62657521900CCCEA7 /* CollectionViewCell.swift */; };
		E180B6C6265658CF00AC13C5 /* EventTag.swift in Sources */ = {isa = PBXBuildFile; fileRef = E180B6C5265658CF00AC13C5 /* EventTag.swift */; };
		E180B6CB2656592B00AC13C5 /* EventsApi.swift in Sources */ = {isa = PBXBuildFile; fileRef = E180B6CA2656592B00AC13C5 /* EventsApi.swift */; };
		E180B6D026565A0F00AC13C5 /* AppDialog.swift in Sources */ = {isa = PBXBuildFile; fileRef = E180B6CF26565A0F00AC13C5 /* AppDialog.swift */; };
		E180B7022656A16700AC13C5 /* DynamicHeightFlowLayout.swift in Sources */ = {isa = PBXBuildFile; fileRef = E180B7012656A16600AC13C5 /* DynamicHeightFlowLayout.swift */; };
		E180B7072656A3C200AC13C5 /* EventFilterResponse.swift in Sources */ = {isa = PBXBuildFile; fileRef = E180B7062656A3C200AC13C5 /* EventFilterResponse.swift */; };
		E180B70E2656A6A000AC13C5 /* MedalViewCollectionViewCell.swift in Sources */ = {isa = PBXBuildFile; fileRef = E180B70C2656A6A000AC13C5 /* MedalViewCollectionViewCell.swift */; };
		E180B70F2656A6A000AC13C5 /* MedalViewCollectionViewCell.xib in Resources */ = {isa = PBXBuildFile; fileRef = E180B70D2656A6A000AC13C5 /* MedalViewCollectionViewCell.xib */; };
		E180B7172656A71500AC13C5 /* DynamicHeightCollectionViewCell.swift in Sources */ = {isa = PBXBuildFile; fileRef = E180B7162656A71500AC13C5 /* DynamicHeightCollectionViewCell.swift */; };
		E1A390B126553DD000F7E378 /* EventsVC.swift in Sources */ = {isa = PBXBuildFile; fileRef = E1A390AF26553DD000F7E378 /* EventsVC.swift */; };
		E1A390B226553DD000F7E378 /* EventsVC.xib in Resources */ = {isa = PBXBuildFile; fileRef = E1A390B026553DD000F7E378 /* EventsVC.xib */; };
		E1A390BF26553E7200F7E378 /* NetworkManager.swift in Sources */ = {isa = PBXBuildFile; fileRef = E1A390BE26553E7200F7E378 /* NetworkManager.swift */; };
		E1A390C826553F5B00F7E378 /* BaseVC.swift in Sources */ = {isa = PBXBuildFile; fileRef = E1A390C726553F5B00F7E378 /* BaseVC.swift */; };
		E1A390CE26553FE000F7E378 /* EventsFilterVC.swift in Sources */ = {isa = PBXBuildFile; fileRef = E1A390CC26553FE000F7E378 /* EventsFilterVC.swift */; };
		E1A390CF26553FE000F7E378 /* EventsFilterVC.xib in Resources */ = {isa = PBXBuildFile; fileRef = E1A390CD26553FE000F7E378 /* EventsFilterVC.xib */; };
		E1A3910A265542E100F7E378 /* Metropolis-Bold.otf in Resources */ = {isa = PBXBuildFile; fileRef = E1A390F7265542E100F7E378 /* Metropolis-Bold.otf */; };
		E1A3910B265542E100F7E378 /* SIL Open Font License.txt in Resources */ = {isa = PBXBuildFile; fileRef = E1A390F8265542E100F7E378 /* SIL Open Font License.txt */; };
		E1A3910C265542E100F7E378 /* Metropolis-Thin.otf in Resources */ = {isa = PBXBuildFile; fileRef = E1A390F9265542E100F7E378 /* Metropolis-Thin.otf */; };
		E1A3910E265542E100F7E378 /* Metropolis-ExtraBold.otf in Resources */ = {isa = PBXBuildFile; fileRef = E1A390FB265542E100F7E378 /* Metropolis-ExtraBold.otf */; };
		E1A39110265542E100F7E378 /* Metropolis-Light.otf in Resources */ = {isa = PBXBuildFile; fileRef = E1A390FD265542E100F7E378 /* Metropolis-Light.otf */; };
		E1A39111265542E100F7E378 /* Metropolis-Regular.otf in Resources */ = {isa = PBXBuildFile; fileRef = E1A390FE265542E100F7E378 /* Metropolis-Regular.otf */; };
		E1A39114265542E100F7E378 /* Metropolis-Medium.otf in Resources */ = {isa = PBXBuildFile; fileRef = E1A39101265542E100F7E378 /* Metropolis-Medium.otf */; };
		E1A3911A265542E100F7E378 /* Metropolis-SemiBold.otf in Resources */ = {isa = PBXBuildFile; fileRef = E1A39107265542E100F7E378 /* Metropolis-SemiBold.otf */; };
		E1A39122265543CF00F7E378 /* AppColors.swift in Sources */ = {isa = PBXBuildFile; fileRef = E1A39121265543CF00F7E378 /* AppColors.swift */; };
		E1A391302655477000F7E378 /* AppFont.swift in Sources */ = {isa = PBXBuildFile; fileRef = E1A3912F2655477000F7E378 /* AppFont.swift */; };
		E1A3913E26554E0900F7E378 /* NetworkRouter.swift in Sources */ = {isa = PBXBuildFile; fileRef = E1A3913D26554E0900F7E378 /* NetworkRouter.swift */; };
		E1A391432655505900F7E378 /* Event.swift in Sources */ = {isa = PBXBuildFile; fileRef = E1A391422655505900F7E378 /* Event.swift */; };
		E1A391482655546C00F7E378 /* UITableView+Reusable.swift in Sources */ = {isa = PBXBuildFile; fileRef = E1A391472655546C00F7E378 /* UITableView+Reusable.swift */; };
		E1A391592655589700F7E378 /* UIImageView+Ext.swift in Sources */ = {isa = PBXBuildFile; fileRef = E1A391582655589700F7E378 /* UIImageView+Ext.swift */; };
		E1A39160265560B000F7E378 /* SportTypeTableViewCell.swift in Sources */ = {isa = PBXBuildFile; fileRef = E1A3915E265560B000F7E378 /* SportTypeTableViewCell.swift */; };
		E1A39161265560B000F7E378 /* SportTypeTableViewCell.xib in Resources */ = {isa = PBXBuildFile; fileRef = E1A3915F265560B000F7E378 /* SportTypeTableViewCell.xib */; };
		E1A3916E2655653000F7E378 /* EventActivityCollectionViewCell.swift in Sources */ = {isa = PBXBuildFile; fileRef = E1A3916C2655653000F7E378 /* EventActivityCollectionViewCell.swift */; };
		E1A3916F2655653000F7E378 /* EventActivityCollectionViewCell.xib in Resources */ = {isa = PBXBuildFile; fileRef = E1A3916D2655653000F7E378 /* EventActivityCollectionViewCell.xib */; };
		E1A39177265565D100F7E378 /* Activity.swift in Sources */ = {isa = PBXBuildFile; fileRef = E1A39176265565D100F7E378 /* Activity.swift */; };
		E1A3917C2655669D00F7E378 /* UIView+Ext.swift in Sources */ = {isa = PBXBuildFile; fileRef = E1A3917B2655669D00F7E378 /* UIView+Ext.swift */; };
		E1A391812655733400F7E378 /* Dictionary+Ext.swift in Sources */ = {isa = PBXBuildFile; fileRef = E1A391802655733400F7E378 /* Dictionary+Ext.swift */; };
		E1A3918F265574FD00F7E378 /* EventListResponse.swift in Sources */ = {isa = PBXBuildFile; fileRef = E1A3918E265574FD00F7E378 /* EventListResponse.swift */; };
		E1A391A326557AA900F7E378 /* FeaturedTableViewCell.swift in Sources */ = {isa = PBXBuildFile; fileRef = E1A391A126557AA900F7E378 /* FeaturedTableViewCell.swift */; };
		E1A391A426557AA900F7E378 /* FeaturedTableViewCell.xib in Resources */ = {isa = PBXBuildFile; fileRef = E1A391A226557AA900F7E378 /* FeaturedTableViewCell.xib */; };
		E1A391D92655823300F7E378 /* Codable+Ext.swift in Sources */ = {isa = PBXBuildFile; fileRef = E1A391D82655823300F7E378 /* Codable+Ext.swift */; };
		E1A391EA265603AB00F7E378 /* String+Ext.swift in Sources */ = {isa = PBXBuildFile; fileRef = E1A391E9265603AB00F7E378 /* String+Ext.swift */; };
		E1A391F426560BCA00F7E378 /* EventListTableViewCell.swift in Sources */ = {isa = PBXBuildFile; fileRef = E1A391F226560BCA00F7E378 /* EventListTableViewCell.swift */; };
		E1A391F526560BCA00F7E378 /* EventListTableViewCell.xib in Resources */ = {isa = PBXBuildFile; fileRef = E1A391F326560BCA00F7E378 /* EventListTableViewCell.xib */; };
		E1A391FF26560BF100F7E378 /* EventCollectionViewCell.swift in Sources */ = {isa = PBXBuildFile; fileRef = E1A391FD26560BF100F7E378 /* EventCollectionViewCell.swift */; };
		E1A3920026560BF100F7E378 /* EventCollectionViewCell.xib in Resources */ = {isa = PBXBuildFile; fileRef = E1A391FE26560BF100F7E378 /* EventCollectionViewCell.xib */; };
		E1A3920D26560D0700F7E378 /* PaddingLabel.swift in Sources */ = {isa = PBXBuildFile; fileRef = E1A3920C26560D0700F7E378 /* PaddingLabel.swift */; };
		E1A3921226560D8300F7E378 /* UIEdgeInsets+Ext.swift in Sources */ = {isa = PBXBuildFile; fileRef = E1A3921126560D8300F7E378 /* UIEdgeInsets+Ext.swift */; };
		E1A755A9265759FD0087412E /* AppConstants.swift in Sources */ = {isa = PBXBuildFile; fileRef = E1A755A8265759FD0087412E /* AppConstants.swift */; };
		E1C30DF326561A21008CC0BA /* TagCollectionViewCell.swift in Sources */ = {isa = PBXBuildFile; fileRef = E1C30DF126561A21008CC0BA /* TagCollectionViewCell.swift */; };
		E1C30DF426561A21008CC0BA /* TagCollectionViewCell.xib in Resources */ = {isa = PBXBuildFile; fileRef = E1C30DF226561A21008CC0BA /* TagCollectionViewCell.xib */; };
		E1F3258D2655035A003525D6 /* AppDelegate.swift in Sources */ = {isa = PBXBuildFile; fileRef = E1F3258C2655035A003525D6 /* AppDelegate.swift */; };
		E1F325912655035A003525D6 /* EventsViewController.swift in Sources */ = {isa = PBXBuildFile; fileRef = E1F325902655035A003525D6 /* EventsViewController.swift */; };
		E1F325942655035A003525D6 /* Main.storyboard in Resources */ = {isa = PBXBuildFile; fileRef = E1F325922655035A003525D6 /* Main.storyboard */; };
		E1F325962655035C003525D6 /* Assets.xcassets in Resources */ = {isa = PBXBuildFile; fileRef = E1F325952655035C003525D6 /* Assets.xcassets */; };
		E1F325992655035C003525D6 /* LaunchScreen.storyboard in Resources */ = {isa = PBXBuildFile; fileRef = E1F325972655035C003525D6 /* LaunchScreen.storyboard */; };
		E1F325A42655035C003525D6 /* _2EventsTests.swift in Sources */ = {isa = PBXBuildFile; fileRef = E1F325A32655035C003525D6 /* _2EventsTests.swift */; };
		E1F325AF2655035C003525D6 /* _2EventsUITests.swift in Sources */ = {isa = PBXBuildFile; fileRef = E1F325AE2655035C003525D6 /* _2EventsUITests.swift */; };
/* End PBXBuildFile section */

/* Begin PBXContainerItemProxy section */
		E1F325A02655035C003525D6 /* PBXContainerItemProxy */ = {
			isa = PBXContainerItemProxy;
			containerPortal = E1F3258126550359003525D6 /* Project object */;
			proxyType = 1;
			remoteGlobalIDString = E1F325882655035A003525D6;
			remoteInfo = 42Events;
		};
		E1F325AB2655035C003525D6 /* PBXContainerItemProxy */ = {
			isa = PBXContainerItemProxy;
			containerPortal = E1F3258126550359003525D6 /* Project object */;
			proxyType = 1;
			remoteGlobalIDString = E1F325882655035A003525D6;
			remoteInfo = 42Events;
		};
/* End PBXContainerItemProxy section */

/* Begin PBXFileReference section */
		267F38CB6C995256EA626B0C /* Pods-42Events-42EventsUITests.debug.xcconfig */ = {isa = PBXFileReference; includeInIndex = 1; lastKnownFileType = text.xcconfig; name = "Pods-42Events-42EventsUITests.debug.xcconfig"; path = "Target Support Files/Pods-42Events-42EventsUITests/Pods-42Events-42EventsUITests.debug.xcconfig"; sourceTree = "<group>"; };
		2BFC0957AF07723358BEF0F6 /* Pods_42Events_42EventsUITests.framework */ = {isa = PBXFileReference; explicitFileType = wrapper.framework; includeInIndex = 0; path = Pods_42Events_42EventsUITests.framework; sourceTree = BUILT_PRODUCTS_DIR; };
		35CAB9304AD0D2F88E0DD754 /* Pods-42Events-42EventsUITests.release.xcconfig */ = {isa = PBXFileReference; includeInIndex = 1; lastKnownFileType = text.xcconfig; name = "Pods-42Events-42EventsUITests.release.xcconfig"; path = "Target Support Files/Pods-42Events-42EventsUITests/Pods-42Events-42EventsUITests.release.xcconfig"; sourceTree = "<group>"; };
		4CC8E0936DA8C7710B388D7F /* Pods-42EventsTests.debug.xcconfig */ = {isa = PBXFileReference; includeInIndex = 1; lastKnownFileType = text.xcconfig; name = "Pods-42EventsTests.debug.xcconfig"; path = "Target Support Files/Pods-42EventsTests/Pods-42EventsTests.debug.xcconfig"; sourceTree = "<group>"; };
		56EC462620577ABBB3A13F1E /* Pods_42Events.framework */ = {isa = PBXFileReference; explicitFileType = wrapper.framework; includeInIndex = 0; path = Pods_42Events.framework; sourceTree = BUILT_PRODUCTS_DIR; };
		78E1203D771C94FC272B8216 /* Pods-42Events.debug.xcconfig */ = {isa = PBXFileReference; includeInIndex = 1; lastKnownFileType = text.xcconfig; name = "Pods-42Events.debug.xcconfig"; path = "Target Support Files/Pods-42Events/Pods-42Events.debug.xcconfig"; sourceTree = "<group>"; };
		8F6CC5428B84EBEFA097FB4B /* Pods-42Events.release.xcconfig */ = {isa = PBXFileReference; includeInIndex = 1; lastKnownFileType = text.xcconfig; name = "Pods-42Events.release.xcconfig"; path = "Target Support Files/Pods-42Events/Pods-42Events.release.xcconfig"; sourceTree = "<group>"; };
		C1F38930D4B1C2E643656A92 /* Pods_42EventsTests.framework */ = {isa = PBXFileReference; explicitFileType = wrapper.framework; includeInIndex = 0; path = Pods_42EventsTests.framework; sourceTree = BUILT_PRODUCTS_DIR; };
		E122C28E2656406A008611DF /* DynamicHeightCollectionView.swift */ = {isa = PBXFileReference; lastKnownFileType = sourcecode.swift; path = DynamicHeightCollectionView.swift; sourceTree = "<group>"; };
		E122C29326564B0A008611DF /* LeftAlignedCollectionViewFlowLayout.swift */ = {isa = PBXFileReference; lastKnownFileType = sourcecode.swift; path = LeftAlignedCollectionViewFlowLayout.swift; sourceTree = "<group>"; };
		E12565742656BBD300CCCEA7 /* SettingsVC.swift */ = {isa = PBXFileReference; lastKnownFileType = sourcecode.swift; path = SettingsVC.swift; sourceTree = "<group>"; };
		E12565752656BBD300CCCEA7 /* SettingsVC.xib */ = {isa = PBXFileReference; lastKnownFileType = file.xib; path = SettingsVC.xib; sourceTree = "<group>"; };
		E125657F2656BC8B00CCCEA7 /* SettingTableViewCell.swift */ = {isa = PBXFileReference; lastKnownFileType = sourcecode.swift; path = SettingTableViewCell.swift; sourceTree = "<group>"; };
		E12565802656BC8B00CCCEA7 /* SettingTableViewCell.xib */ = {isa = PBXFileReference; lastKnownFileType = file.xib; path = SettingTableViewCell.xib; sourceTree = "<group>"; };
		E125658D2656BCED00CCCEA7 /* Setting.swift */ = {isa = PBXFileReference; lastKnownFileType = sourcecode.swift; path = Setting.swift; sourceTree = "<group>"; };
		E12565A12656C55400CCCEA7 /* SwipeBackNavigationController.swift */ = {isa = PBXFileReference; lastKnownFileType = sourcecode.swift; path = SwipeBackNavigationController.swift; sourceTree = "<group>"; };
		E12565A62656CA9E00CCCEA7 /* Language.swift */ = {isa = PBXFileReference; lastKnownFileType = sourcecode.swift; path = Language.swift; sourceTree = "<group>"; };
		E12565B92656D27C00CCCEA7 /* Text.swift */ = {isa = PBXFileReference; lastKnownFileType = sourcecode.swift; path = Text.swift; sourceTree = "<group>"; };
		E12565BE2656D2E700CCCEA7 /* Localize+Ext.swift */ = {isa = PBXFileReference; lastKnownFileType = sourcecode.swift; path = "Localize+Ext.swift"; sourceTree = "<group>"; };
		E12565CA26574EE100CCCEA7 /* en */ = {isa = PBXFileReference; lastKnownFileType = text.plist.strings; name = en; path = en.lproj/Localizable.strings; sourceTree = "<group>"; };
		E12565CF26574F4B00CCCEA7 /* vi */ = {isa = PBXFileReference; lastKnownFileType = text.plist.strings; name = vi; path = vi.lproj/Main.strings; sourceTree = "<group>"; };
		E12565D026574F4B00CCCEA7 /* vi */ = {isa = PBXFileReference; lastKnownFileType = text.plist.strings; name = vi; path = vi.lproj/LaunchScreen.strings; sourceTree = "<group>"; };
		E12565D126574F4B00CCCEA7 /* vi */ = {isa = PBXFileReference; lastKnownFileType = text.plist.strings; name = vi; path = vi.lproj/Localizable.strings; sourceTree = "<group>"; };
		E12565D526574F5800CCCEA7 /* zh-Hans */ = {isa = PBXFileReference; lastKnownFileType = text.plist.strings; name = "zh-Hans"; path = "zh-Hans.lproj/Main.strings"; sourceTree = "<group>"; };
		E12565D626574F5800CCCEA7 /* zh-Hans */ = {isa = PBXFileReference; lastKnownFileType = text.plist.strings; name = "zh-Hans"; path = "zh-Hans.lproj/LaunchScreen.strings"; sourceTree = "<group>"; };
		E12565D726574F5800CCCEA7 /* zh-Hans */ = {isa = PBXFileReference; lastKnownFileType = text.plist.strings; name = "zh-Hans"; path = "zh-Hans.lproj/Localizable.strings"; sourceTree = "<group>"; };
		E12565D826574F6100CCCEA7 /* zh-Hant */ = {isa = PBXFileReference; lastKnownFileType = text.plist.strings; name = "zh-Hant"; path = "zh-Hant.lproj/Main.strings"; sourceTree = "<group>"; };
		E12565D926574F6100CCCEA7 /* zh-Hant */ = {isa = PBXFileReference; lastKnownFileType = text.plist.strings; name = "zh-Hant"; path = "zh-Hant.lproj/LaunchScreen.strings"; sourceTree = "<group>"; };
		E12565DA26574F6100CCCEA7 /* zh-Hant */ = {isa = PBXFileReference; lastKnownFileType = text.plist.strings; name = "zh-Hant"; path = "zh-Hant.lproj/Localizable.strings"; sourceTree = "<group>"; };
		E12565DB2657512900CCCEA7 /* th */ = {isa = PBXFileReference; lastKnownFileType = text.plist.strings; name = th; path = th.lproj/Main.strings; sourceTree = "<group>"; };
		E12565DC2657512900CCCEA7 /* th */ = {isa = PBXFileReference; lastKnownFileType = text.plist.strings; name = th; path = th.lproj/LaunchScreen.strings; sourceTree = "<group>"; };
		E12565DD2657512900CCCEA7 /* th */ = {isa = PBXFileReference; lastKnownFileType = text.plist.strings; name = th; path = th.lproj/Localizable.strings; sourceTree = "<group>"; };
		E12565DE2657513500CCCEA7 /* id */ = {isa = PBXFileReference; lastKnownFileType = text.plist.strings; name = id; path = id.lproj/Main.strings; sourceTree = "<group>"; };
		E12565DF2657513500CCCEA7 /* id */ = {isa = PBXFileReference; lastKnownFileType = text.plist.strings; name = id; path = id.lproj/LaunchScreen.strings; sourceTree = "<group>"; };
		E12565E02657513500CCCEA7 /* id */ = {isa = PBXFileReference; lastKnownFileType = text.plist.strings; name = id; path = id.lproj/Localizable.strings; sourceTree = "<group>"; };
		E12565E12657518200CCCEA7 /* TableViewCell.swift */ = {isa = PBXFileReference; lastKnownFileType = sourcecode.swift; path = TableViewCell.swift; sourceTree = "<group>"; };
		E12565E62657521900CCCEA7 /* CollectionViewCell.swift */ = {isa = PBXFileReference; lastKnownFileType = sourcecode.swift; path = CollectionViewCell.swift; sourceTree = "<group>"; };
		E180B6C5265658CF00AC13C5 /* EventTag.swift */ = {isa = PBXFileReference; lastKnownFileType = sourcecode.swift; path = EventTag.swift; sourceTree = "<group>"; };
		E180B6CA2656592B00AC13C5 /* EventsApi.swift */ = {isa = PBXFileReference; lastKnownFileType = sourcecode.swift; path = EventsApi.swift; sourceTree = "<group>"; };
		E180B6CF26565A0F00AC13C5 /* AppDialog.swift */ = {isa = PBXFileReference; lastKnownFileType = sourcecode.swift; path = AppDialog.swift; sourceTree = "<group>"; };
		E180B7012656A16600AC13C5 /* DynamicHeightFlowLayout.swift */ = {isa = PBXFileReference; lastKnownFileType = sourcecode.swift; path = DynamicHeightFlowLayout.swift; sourceTree = "<group>"; };
		E180B7062656A3C200AC13C5 /* EventFilterResponse.swift */ = {isa = PBXFileReference; lastKnownFileType = sourcecode.swift; path = EventFilterResponse.swift; sourceTree = "<group>"; };
		E180B70C2656A6A000AC13C5 /* MedalViewCollectionViewCell.swift */ = {isa = PBXFileReference; lastKnownFileType = sourcecode.swift; path = MedalViewCollectionViewCell.swift; sourceTree = "<group>"; };
		E180B70D2656A6A000AC13C5 /* MedalViewCollectionViewCell.xib */ = {isa = PBXFileReference; lastKnownFileType = file.xib; path = MedalViewCollectionViewCell.xib; sourceTree = "<group>"; };
		E180B7162656A71500AC13C5 /* DynamicHeightCollectionViewCell.swift */ = {isa = PBXFileReference; lastKnownFileType = sourcecode.swift; path = DynamicHeightCollectionViewCell.swift; sourceTree = "<group>"; };
		E1A390AF26553DD000F7E378 /* EventsVC.swift */ = {isa = PBXFileReference; lastKnownFileType = sourcecode.swift; path = EventsVC.swift; sourceTree = "<group>"; };
		E1A390B026553DD000F7E378 /* EventsVC.xib */ = {isa = PBXFileReference; lastKnownFileType = file.xib; path = EventsVC.xib; sourceTree = "<group>"; };
		E1A390BE26553E7200F7E378 /* NetworkManager.swift */ = {isa = PBXFileReference; lastKnownFileType = sourcecode.swift; path = NetworkManager.swift; sourceTree = "<group>"; };
		E1A390C726553F5B00F7E378 /* BaseVC.swift */ = {isa = PBXFileReference; lastKnownFileType = sourcecode.swift; path = BaseVC.swift; sourceTree = "<group>"; };
		E1A390CC26553FE000F7E378 /* EventsFilterVC.swift */ = {isa = PBXFileReference; lastKnownFileType = sourcecode.swift; path = EventsFilterVC.swift; sourceTree = "<group>"; };
		E1A390CD26553FE000F7E378 /* EventsFilterVC.xib */ = {isa = PBXFileReference; lastKnownFileType = file.xib; path = EventsFilterVC.xib; sourceTree = "<group>"; };
		E1A390F7265542E100F7E378 /* Metropolis-Bold.otf */ = {isa = PBXFileReference; lastKnownFileType = file; path = "Metropolis-Bold.otf"; sourceTree = "<group>"; };
		E1A390F8265542E100F7E378 /* SIL Open Font License.txt */ = {isa = PBXFileReference; fileEncoding = 4; lastKnownFileType = text; path = "SIL Open Font License.txt"; sourceTree = "<group>"; };
		E1A390F9265542E100F7E378 /* Metropolis-Thin.otf */ = {isa = PBXFileReference; lastKnownFileType = file; path = "Metropolis-Thin.otf"; sourceTree = "<group>"; };
		E1A390FB265542E100F7E378 /* Metropolis-ExtraBold.otf */ = {isa = PBXFileReference; lastKnownFileType = file; path = "Metropolis-ExtraBold.otf"; sourceTree = "<group>"; };
		E1A390FD265542E100F7E378 /* Metropolis-Light.otf */ = {isa = PBXFileReference; lastKnownFileType = file; path = "Metropolis-Light.otf"; sourceTree = "<group>"; };
		E1A390FE265542E100F7E378 /* Metropolis-Regular.otf */ = {isa = PBXFileReference; lastKnownFileType = file; path = "Metropolis-Regular.otf"; sourceTree = "<group>"; };
		E1A39101265542E100F7E378 /* Metropolis-Medium.otf */ = {isa = PBXFileReference; lastKnownFileType = file; path = "Metropolis-Medium.otf"; sourceTree = "<group>"; };
		E1A39107265542E100F7E378 /* Metropolis-SemiBold.otf */ = {isa = PBXFileReference; lastKnownFileType = file; path = "Metropolis-SemiBold.otf"; sourceTree = "<group>"; };
		E1A39121265543CF00F7E378 /* AppColors.swift */ = {isa = PBXFileReference; lastKnownFileType = sourcecode.swift; path = AppColors.swift; sourceTree = "<group>"; };
		E1A3912F2655477000F7E378 /* AppFont.swift */ = {isa = PBXFileReference; lastKnownFileType = sourcecode.swift; path = AppFont.swift; sourceTree = "<group>"; };
		E1A3913D26554E0900F7E378 /* NetworkRouter.swift */ = {isa = PBXFileReference; lastKnownFileType = sourcecode.swift; path = NetworkRouter.swift; sourceTree = "<group>"; };
		E1A391422655505900F7E378 /* Event.swift */ = {isa = PBXFileReference; lastKnownFileType = sourcecode.swift; path = Event.swift; sourceTree = "<group>"; };
		E1A391472655546C00F7E378 /* UITableView+Reusable.swift */ = {isa = PBXFileReference; lastKnownFileType = sourcecode.swift; path = "UITableView+Reusable.swift"; sourceTree = "<group>"; };
		E1A391582655589700F7E378 /* UIImageView+Ext.swift */ = {isa = PBXFileReference; lastKnownFileType = sourcecode.swift; path = "UIImageView+Ext.swift"; sourceTree = "<group>"; };
		E1A3915E265560B000F7E378 /* SportTypeTableViewCell.swift */ = {isa = PBXFileReference; lastKnownFileType = sourcecode.swift; path = SportTypeTableViewCell.swift; sourceTree = "<group>"; };
		E1A3915F265560B000F7E378 /* SportTypeTableViewCell.xib */ = {isa = PBXFileReference; lastKnownFileType = file.xib; path = SportTypeTableViewCell.xib; sourceTree = "<group>"; };
		E1A3916C2655653000F7E378 /* EventActivityCollectionViewCell.swift */ = {isa = PBXFileReference; lastKnownFileType = sourcecode.swift; path = EventActivityCollectionViewCell.swift; sourceTree = "<group>"; };
		E1A3916D2655653000F7E378 /* EventActivityCollectionViewCell.xib */ = {isa = PBXFileReference; lastKnownFileType = file.xib; path = EventActivityCollectionViewCell.xib; sourceTree = "<group>"; };
		E1A39176265565D100F7E378 /* Activity.swift */ = {isa = PBXFileReference; lastKnownFileType = sourcecode.swift; path = Activity.swift; sourceTree = "<group>"; };
		E1A3917B2655669D00F7E378 /* UIView+Ext.swift */ = {isa = PBXFileReference; lastKnownFileType = sourcecode.swift; path = "UIView+Ext.swift"; sourceTree = "<group>"; };
		E1A391802655733400F7E378 /* Dictionary+Ext.swift */ = {isa = PBXFileReference; lastKnownFileType = sourcecode.swift; path = "Dictionary+Ext.swift"; sourceTree = "<group>"; };
		E1A3918E265574FD00F7E378 /* EventListResponse.swift */ = {isa = PBXFileReference; lastKnownFileType = sourcecode.swift; path = EventListResponse.swift; sourceTree = "<group>"; };
		E1A391A126557AA900F7E378 /* FeaturedTableViewCell.swift */ = {isa = PBXFileReference; lastKnownFileType = sourcecode.swift; path = FeaturedTableViewCell.swift; sourceTree = "<group>"; };
		E1A391A226557AA900F7E378 /* FeaturedTableViewCell.xib */ = {isa = PBXFileReference; lastKnownFileType = file.xib; path = FeaturedTableViewCell.xib; sourceTree = "<group>"; };
		E1A391D82655823300F7E378 /* Codable+Ext.swift */ = {isa = PBXFileReference; lastKnownFileType = sourcecode.swift; path = "Codable+Ext.swift"; sourceTree = "<group>"; };
		E1A391E9265603AB00F7E378 /* String+Ext.swift */ = {isa = PBXFileReference; lastKnownFileType = sourcecode.swift; path = "String+Ext.swift"; sourceTree = "<group>"; };
		E1A391F226560BCA00F7E378 /* EventListTableViewCell.swift */ = {isa = PBXFileReference; lastKnownFileType = sourcecode.swift; path = EventListTableViewCell.swift; sourceTree = "<group>"; };
		E1A391F326560BCA00F7E378 /* EventListTableViewCell.xib */ = {isa = PBXFileReference; lastKnownFileType = file.xib; path = EventListTableViewCell.xib; sourceTree = "<group>"; };
		E1A391FD26560BF100F7E378 /* EventCollectionViewCell.swift */ = {isa = PBXFileReference; lastKnownFileType = sourcecode.swift; path = EventCollectionViewCell.swift; sourceTree = "<group>"; };
		E1A391FE26560BF100F7E378 /* EventCollectionViewCell.xib */ = {isa = PBXFileReference; lastKnownFileType = file.xib; path = EventCollectionViewCell.xib; sourceTree = "<group>"; };
		E1A3920C26560D0700F7E378 /* PaddingLabel.swift */ = {isa = PBXFileReference; lastKnownFileType = sourcecode.swift; path = PaddingLabel.swift; sourceTree = "<group>"; };
		E1A3921126560D8300F7E378 /* UIEdgeInsets+Ext.swift */ = {isa = PBXFileReference; lastKnownFileType = sourcecode.swift; path = "UIEdgeInsets+Ext.swift"; sourceTree = "<group>"; };
		E1A755A8265759FD0087412E /* AppConstants.swift */ = {isa = PBXFileReference; lastKnownFileType = sourcecode.swift; path = AppConstants.swift; sourceTree = "<group>"; };
		E1C30DF126561A21008CC0BA /* TagCollectionViewCell.swift */ = {isa = PBXFileReference; lastKnownFileType = sourcecode.swift; path = TagCollectionViewCell.swift; sourceTree = "<group>"; };
		E1C30DF226561A21008CC0BA /* TagCollectionViewCell.xib */ = {isa = PBXFileReference; lastKnownFileType = file.xib; path = TagCollectionViewCell.xib; sourceTree = "<group>"; };
		E1F325892655035A003525D6 /* 42Events.app */ = {isa = PBXFileReference; explicitFileType = wrapper.application; includeInIndex = 0; path = 42Events.app; sourceTree = BUILT_PRODUCTS_DIR; };
		E1F3258C2655035A003525D6 /* AppDelegate.swift */ = {isa = PBXFileReference; lastKnownFileType = sourcecode.swift; path = AppDelegate.swift; sourceTree = "<group>"; };
		E1F325902655035A003525D6 /* EventsViewController.swift */ = {isa = PBXFileReference; lastKnownFileType = sourcecode.swift; path = EventsViewController.swift; sourceTree = "<group>"; };
		E1F325932655035A003525D6 /* Base */ = {isa = PBXFileReference; lastKnownFileType = file.storyboard; name = Base; path = Base.lproj/Main.storyboard; sourceTree = "<group>"; };
		E1F325952655035C003525D6 /* Assets.xcassets */ = {isa = PBXFileReference; lastKnownFileType = folder.assetcatalog; path = Assets.xcassets; sourceTree = "<group>"; };
		E1F325982655035C003525D6 /* Base */ = {isa = PBXFileReference; lastKnownFileType = file.storyboard; name = Base; path = Base.lproj/LaunchScreen.storyboard; sourceTree = "<group>"; };
		E1F3259A2655035C003525D6 /* Info.plist */ = {isa = PBXFileReference; lastKnownFileType = text.plist.xml; path = Info.plist; sourceTree = "<group>"; };
		E1F3259F2655035C003525D6 /* 42EventsTests.xctest */ = {isa = PBXFileReference; explicitFileType = wrapper.cfbundle; includeInIndex = 0; path = 42EventsTests.xctest; sourceTree = BUILT_PRODUCTS_DIR; };
		E1F325A32655035C003525D6 /* _2EventsTests.swift */ = {isa = PBXFileReference; lastKnownFileType = sourcecode.swift; path = _2EventsTests.swift; sourceTree = "<group>"; };
		E1F325A52655035C003525D6 /* Info.plist */ = {isa = PBXFileReference; lastKnownFileType = text.plist.xml; path = Info.plist; sourceTree = "<group>"; };
		E1F325AA2655035C003525D6 /* 42EventsUITests.xctest */ = {isa = PBXFileReference; explicitFileType = wrapper.cfbundle; includeInIndex = 0; path = 42EventsUITests.xctest; sourceTree = BUILT_PRODUCTS_DIR; };
		E1F325AE2655035C003525D6 /* _2EventsUITests.swift */ = {isa = PBXFileReference; lastKnownFileType = sourcecode.swift; path = _2EventsUITests.swift; sourceTree = "<group>"; };
		E1F325B02655035C003525D6 /* Info.plist */ = {isa = PBXFileReference; lastKnownFileType = text.plist.xml; path = Info.plist; sourceTree = "<group>"; };
		F60058FC7EE6DEA91512B729 /* Pods-42EventsTests.release.xcconfig */ = {isa = PBXFileReference; includeInIndex = 1; lastKnownFileType = text.xcconfig; name = "Pods-42EventsTests.release.xcconfig"; path = "Target Support Files/Pods-42EventsTests/Pods-42EventsTests.release.xcconfig"; sourceTree = "<group>"; };
/* End PBXFileReference section */

/* Begin PBXFrameworksBuildPhase section */
		E1F325862655035A003525D6 /* Frameworks */ = {
			isa = PBXFrameworksBuildPhase;
			buildActionMask = 2147483647;
			files = (
				8D85D06218DFCE35D9554601 /* Pods_42Events.framework in Frameworks */,
			);
			runOnlyForDeploymentPostprocessing = 0;
		};
		E1F3259C2655035C003525D6 /* Frameworks */ = {
			isa = PBXFrameworksBuildPhase;
			buildActionMask = 2147483647;
			files = (
				3B39591E9DD8303F39E90612 /* Pods_42EventsTests.framework in Frameworks */,
			);
			runOnlyForDeploymentPostprocessing = 0;
		};
		E1F325A72655035C003525D6 /* Frameworks */ = {
			isa = PBXFrameworksBuildPhase;
			buildActionMask = 2147483647;
			files = (
				A00A7A710241A8BD72C9C945 /* Pods_42Events_42EventsUITests.framework in Frameworks */,
			);
			runOnlyForDeploymentPostprocessing = 0;
		};
/* End PBXFrameworksBuildPhase section */

/* Begin PBXGroup section */
		717F375ECFA458E95EF4C252 /* Frameworks */ = {
			isa = PBXGroup;
			children = (
				56EC462620577ABBB3A13F1E /* Pods_42Events.framework */,
				2BFC0957AF07723358BEF0F6 /* Pods_42Events_42EventsUITests.framework */,
				C1F38930D4B1C2E643656A92 /* Pods_42EventsTests.framework */,
			);
			name = Frameworks;
			sourceTree = "<group>";
		};
		CCB0E7C2000A7C740E1522F5 /* Pods */ = {
			isa = PBXGroup;
			children = (
				78E1203D771C94FC272B8216 /* Pods-42Events.debug.xcconfig */,
				8F6CC5428B84EBEFA097FB4B /* Pods-42Events.release.xcconfig */,
				267F38CB6C995256EA626B0C /* Pods-42Events-42EventsUITests.debug.xcconfig */,
				35CAB9304AD0D2F88E0DD754 /* Pods-42Events-42EventsUITests.release.xcconfig */,
				4CC8E0936DA8C7710B388D7F /* Pods-42EventsTests.debug.xcconfig */,
				F60058FC7EE6DEA91512B729 /* Pods-42EventsTests.release.xcconfig */,
			);
			path = Pods;
			sourceTree = "<group>";
		};
		E12565732656BBA800CCCEA7 /* SettingsVC */ = {
			isa = PBXGroup;
			children = (
				E12565742656BBD300CCCEA7 /* SettingsVC.swift */,
				E12565752656BBD300CCCEA7 /* SettingsVC.xib */,
			);
			path = SettingsVC;
			sourceTree = "<group>";
		};
		E125657E2656BC7400CCCEA7 /* SettingCell */ = {
			isa = PBXGroup;
			children = (
				E125657F2656BC8B00CCCEA7 /* SettingTableViewCell.swift */,
				E12565802656BC8B00CCCEA7 /* SettingTableViewCell.xib */,
			);
			path = SettingCell;
			sourceTree = "<group>";
		};
		E125658B2656BCD000CCCEA7 /* RemoteModels */ = {
			isa = PBXGroup;
			children = (
				E1A3918E265574FD00F7E378 /* EventListResponse.swift */,
				E180B7062656A3C200AC13C5 /* EventFilterResponse.swift */,
			);
			path = RemoteModels;
			sourceTree = "<group>";
		};
		E125658C2656BCDD00CCCEA7 /* LocalModels */ = {
			isa = PBXGroup;
			children = (
				E1A391422655505900F7E378 /* Event.swift */,
				E1A39176265565D100F7E378 /* Activity.swift */,
				E180B6C5265658CF00AC13C5 /* EventTag.swift */,
				E125658D2656BCED00CCCEA7 /* Setting.swift */,
				E12565A62656CA9E00CCCEA7 /* Language.swift */,
			);
			path = LocalModels;
			sourceTree = "<group>";
		};
		E12565C326574E5600CCCEA7 /* Resources */ = {
			isa = PBXGroup;
			children = (
				E12565CB26574EE100CCCEA7 /* Localizable.strings */,
			);
			path = Resources;
			sourceTree = "<group>";
		};
		E180B70B2656A68900AC13C5 /* MedalViewCollectionViewCell */ = {
			isa = PBXGroup;
			children = (
				E180B70C2656A6A000AC13C5 /* MedalViewCollectionViewCell.swift */,
				E180B70D2656A6A000AC13C5 /* MedalViewCollectionViewCell.xib */,
			);
			path = MedalViewCollectionViewCell;
			sourceTree = "<group>";
		};
		E1A390AA26553CE700F7E378 /* Views */ = {
			isa = PBXGroup;
			children = (
				E12565732656BBA800CCCEA7 /* SettingsVC */,
				E1A390B926553DEA00F7E378 /* BaseVC */,
				E1A390AE26553DB300F7E378 /* EventsFilterVC */,
				E1A390AD26553DA800F7E378 /* EventsVC */,
				E1A390AC26553D8700F7E378 /* Cells */,
			);
			path = Views;
			sourceTree = "<group>";
		};
		E1A390AB26553D0500F7E378 /* Models */ = {
			isa = PBXGroup;
			children = (
				E125658C2656BCDD00CCCEA7 /* LocalModels */,
				E125658B2656BCD000CCCEA7 /* RemoteModels */,
			);
			path = Models;
			sourceTree = "<group>";
		};
		E1A390AC26553D8700F7E378 /* Cells */ = {
			isa = PBXGroup;
			children = (
				E1A3920826560BFB00F7E378 /* CollectionViewCells */,
				E1A3920726560BF400F7E378 /* TableViewCells */,
			);
			path = Cells;
			sourceTree = "<group>";
		};
		E1A390AD26553DA800F7E378 /* EventsVC */ = {
			isa = PBXGroup;
			children = (
				E1A390AF26553DD000F7E378 /* EventsVC.swift */,
				E1A390B026553DD000F7E378 /* EventsVC.xib */,
				E180B6CA2656592B00AC13C5 /* EventsApi.swift */,
			);
			path = EventsVC;
			sourceTree = "<group>";
		};
		E1A390AE26553DB300F7E378 /* EventsFilterVC */ = {
			isa = PBXGroup;
			children = (
				E1A390CC26553FE000F7E378 /* EventsFilterVC.swift */,
				E1A390CD26553FE000F7E378 /* EventsFilterVC.xib */,
			);
			path = EventsFilterVC;
			sourceTree = "<group>";
		};
		E1A390B926553DEA00F7E378 /* BaseVC */ = {
			isa = PBXGroup;
			children = (
				E1A390C726553F5B00F7E378 /* BaseVC.swift */,
			);
			path = BaseVC;
			sourceTree = "<group>";
		};
		E1A390BD26553E5F00F7E378 /* Managers */ = {
			isa = PBXGroup;
			children = (
				E1A390BE26553E7200F7E378 /* NetworkManager.swift */,
			);
			path = Managers;
			sourceTree = "<group>";
		};
		E1A390F5265542C700F7E378 /* Fonts */ = {
			isa = PBXGroup;
			children = (
				E1A390F6265542E100F7E378 /* Metropolis */,
			);
			path = Fonts;
			sourceTree = "<group>";
		};
		E1A390F6265542E100F7E378 /* Metropolis */ = {
			isa = PBXGroup;
			children = (
				E1A390F7265542E100F7E378 /* Metropolis-Bold.otf */,
				E1A390F8265542E100F7E378 /* SIL Open Font License.txt */,
				E1A390F9265542E100F7E378 /* Metropolis-Thin.otf */,
				E1A390FB265542E100F7E378 /* Metropolis-ExtraBold.otf */,
				E1A390FD265542E100F7E378 /* Metropolis-Light.otf */,
				E1A390FE265542E100F7E378 /* Metropolis-Regular.otf */,
				E1A39101265542E100F7E378 /* Metropolis-Medium.otf */,
				E1A39107265542E100F7E378 /* Metropolis-SemiBold.otf */,
			);
			path = Metropolis;
			sourceTree = "<group>";
		};
		E1A39120265543C400F7E378 /* Utils */ = {
			isa = PBXGroup;
			children = (
				E1A39121265543CF00F7E378 /* AppColors.swift */,
				E1A3912F2655477000F7E378 /* AppFont.swift */,
				E1A3913D26554E0900F7E378 /* NetworkRouter.swift */,
				E1A391472655546C00F7E378 /* UITableView+Reusable.swift */,
				E1A3920C26560D0700F7E378 /* PaddingLabel.swift */,
				E122C28E2656406A008611DF /* DynamicHeightCollectionView.swift */,
				E122C29326564B0A008611DF /* LeftAlignedCollectionViewFlowLayout.swift */,
				E180B6CF26565A0F00AC13C5 /* AppDialog.swift */,
				E180B7012656A16600AC13C5 /* DynamicHeightFlowLayout.swift */,
				E180B7162656A71500AC13C5 /* DynamicHeightCollectionViewCell.swift */,
				E12565A12656C55400CCCEA7 /* SwipeBackNavigationController.swift */,
				E12565B92656D27C00CCCEA7 /* Text.swift */,
				E12565E12657518200CCCEA7 /* TableViewCell.swift */,
				E12565E62657521900CCCEA7 /* CollectionViewCell.swift */,
				E1A755A8265759FD0087412E /* AppConstants.swift */,
			);
			path = Utils;
			sourceTree = "<group>";
		};
		E1A391572655588B00F7E378 /* Extensions */ = {
			isa = PBXGroup;
			children = (
				E1A391582655589700F7E378 /* UIImageView+Ext.swift */,
				E1A3917B2655669D00F7E378 /* UIView+Ext.swift */,
				E1A391802655733400F7E378 /* Dictionary+Ext.swift */,
				E1A391D82655823300F7E378 /* Codable+Ext.swift */,
				E1A391E9265603AB00F7E378 /* String+Ext.swift */,
				E1A3921126560D8300F7E378 /* UIEdgeInsets+Ext.swift */,
				E12565BE2656D2E700CCCEA7 /* Localize+Ext.swift */,
			);
			path = Extensions;
			sourceTree = "<group>";
		};
		E1A3915D2655608F00F7E378 /* EventTypeCell */ = {
			isa = PBXGroup;
			children = (
				E1A3915E265560B000F7E378 /* SportTypeTableViewCell.swift */,
				E1A3915F265560B000F7E378 /* SportTypeTableViewCell.xib */,
			);
			path = EventTypeCell;
			sourceTree = "<group>";
		};
		E1A39168265564F700F7E378 /* EventActivityCell */ = {
			isa = PBXGroup;
			children = (
				E1A3916C2655653000F7E378 /* EventActivityCollectionViewCell.swift */,
				E1A3916D2655653000F7E378 /* EventActivityCollectionViewCell.xib */,
			);
			path = EventActivityCell;
			sourceTree = "<group>";
		};
		E1A391A026557A8D00F7E378 /* FeaturedCell */ = {
			isa = PBXGroup;
			children = (
				E1A391A126557AA900F7E378 /* FeaturedTableViewCell.swift */,
				E1A391A226557AA900F7E378 /* FeaturedTableViewCell.xib */,
			);
			path = FeaturedCell;
			sourceTree = "<group>";
		};
		E1A391F126560BB600F7E378 /* EventListCell */ = {
			isa = PBXGroup;
			children = (
				E1A391F226560BCA00F7E378 /* EventListTableViewCell.swift */,
				E1A391F326560BCA00F7E378 /* EventListTableViewCell.xib */,
			);
			path = EventListCell;
			sourceTree = "<group>";
		};
		E1A391FC26560BD400F7E378 /* EventCollectionViewCell */ = {
			isa = PBXGroup;
			children = (
				E1A391FD26560BF100F7E378 /* EventCollectionViewCell.swift */,
				E1A391FE26560BF100F7E378 /* EventCollectionViewCell.xib */,
			);
			path = EventCollectionViewCell;
			sourceTree = "<group>";
		};
		E1A3920726560BF400F7E378 /* TableViewCells */ = {
			isa = PBXGroup;
			children = (
				E125657E2656BC7400CCCEA7 /* SettingCell */,
				E1A391F126560BB600F7E378 /* EventListCell */,
				E1A391A026557A8D00F7E378 /* FeaturedCell */,
				E1A3915D2655608F00F7E378 /* EventTypeCell */,
			);
			path = TableViewCells;
			sourceTree = "<group>";
		};
		E1A3920826560BFB00F7E378 /* CollectionViewCells */ = {
			isa = PBXGroup;
			children = (
				E180B70B2656A68900AC13C5 /* MedalViewCollectionViewCell */,
				E1C30DF826561A2A008CC0BA /* TagCollectionViewCell */,
				E1A39168265564F700F7E378 /* EventActivityCell */,
				E1A391FC26560BD400F7E378 /* EventCollectionViewCell */,
			);
			path = CollectionViewCells;
			sourceTree = "<group>";
		};
		E1C30DF826561A2A008CC0BA /* TagCollectionViewCell */ = {
			isa = PBXGroup;
			children = (
				E1C30DF126561A21008CC0BA /* TagCollectionViewCell.swift */,
				E1C30DF226561A21008CC0BA /* TagCollectionViewCell.xib */,
			);
			path = TagCollectionViewCell;
			sourceTree = "<group>";
		};
		E1F3258026550359003525D6 = {
			isa = PBXGroup;
			children = (
				E1F3258B2655035A003525D6 /* 42Events */,
				E1F325A22655035C003525D6 /* 42EventsTests */,
				E1F325AD2655035C003525D6 /* 42EventsUITests */,
				E1F3258A2655035A003525D6 /* Products */,
				CCB0E7C2000A7C740E1522F5 /* Pods */,
				717F375ECFA458E95EF4C252 /* Frameworks */,
			);
			sourceTree = "<group>";
		};
		E1F3258A2655035A003525D6 /* Products */ = {
			isa = PBXGroup;
			children = (
				E1F325892655035A003525D6 /* 42Events.app */,
				E1F3259F2655035C003525D6 /* 42EventsTests.xctest */,
				E1F325AA2655035C003525D6 /* 42EventsUITests.xctest */,
			);
			name = Products;
			sourceTree = "<group>";
		};
		E1F3258B2655035A003525D6 /* 42Events */ = {
			isa = PBXGroup;
			children = (
				E12565C326574E5600CCCEA7 /* Resources */,
				E1A391572655588B00F7E378 /* Extensions */,
				E1A39120265543C400F7E378 /* Utils */,
				E1A390F5265542C700F7E378 /* Fonts */,
				E1A390BD26553E5F00F7E378 /* Managers */,
				E1A390AB26553D0500F7E378 /* Models */,
				E1A390AA26553CE700F7E378 /* Views */,
				E1F3258C2655035A003525D6 /* AppDelegate.swift */,
				E1F325902655035A003525D6 /* EventsViewController.swift */,
				E1F325922655035A003525D6 /* Main.storyboard */,
				E1F325952655035C003525D6 /* Assets.xcassets */,
				E1F325972655035C003525D6 /* LaunchScreen.storyboard */,
				E1F3259A2655035C003525D6 /* Info.plist */,
			);
			path = 42Events;
			sourceTree = "<group>";
		};
		E1F325A22655035C003525D6 /* 42EventsTests */ = {
			isa = PBXGroup;
			children = (
				E1F325A32655035C003525D6 /* _2EventsTests.swift */,
				E1F325A52655035C003525D6 /* Info.plist */,
			);
			path = 42EventsTests;
			sourceTree = "<group>";
		};
		E1F325AD2655035C003525D6 /* 42EventsUITests */ = {
			isa = PBXGroup;
			children = (
				E1F325AE2655035C003525D6 /* _2EventsUITests.swift */,
				E1F325B02655035C003525D6 /* Info.plist */,
			);
			path = 42EventsUITests;
			sourceTree = "<group>";
		};
/* End PBXGroup section */

/* Begin PBXNativeTarget section */
		E1F325882655035A003525D6 /* 42Events */ = {
			isa = PBXNativeTarget;
			buildConfigurationList = E1F325B32655035C003525D6 /* Build configuration list for PBXNativeTarget "42Events" */;
			buildPhases = (
				FBB3BE920BEA7E4F9CEE7E73 /* [CP] Check Pods Manifest.lock */,
				E1F325852655035A003525D6 /* Sources */,
				E1F325862655035A003525D6 /* Frameworks */,
				E1F325872655035A003525D6 /* Resources */,
				C83A56E53A31B47E624AD4AD /* [CP] Embed Pods Frameworks */,
			);
			buildRules = (
			);
			dependencies = (
			);
			name = 42Events;
			productName = 42Events;
			productReference = E1F325892655035A003525D6 /* 42Events.app */;
			productType = "com.apple.product-type.application";
		};
		E1F3259E2655035C003525D6 /* 42EventsTests */ = {
			isa = PBXNativeTarget;
			buildConfigurationList = E1F325B62655035C003525D6 /* Build configuration list for PBXNativeTarget "42EventsTests" */;
			buildPhases = (
				CD7DABDF5595EA0F81902EB0 /* [CP] Check Pods Manifest.lock */,
				E1F3259B2655035C003525D6 /* Sources */,
				E1F3259C2655035C003525D6 /* Frameworks */,
				E1F3259D2655035C003525D6 /* Resources */,
			);
			buildRules = (
			);
			dependencies = (
				E1F325A12655035C003525D6 /* PBXTargetDependency */,
			);
			name = 42EventsTests;
			productName = 42EventsTests;
			productReference = E1F3259F2655035C003525D6 /* 42EventsTests.xctest */;
			productType = "com.apple.product-type.bundle.unit-test";
		};
		E1F325A92655035C003525D6 /* 42EventsUITests */ = {
			isa = PBXNativeTarget;
			buildConfigurationList = E1F325B92655035C003525D6 /* Build configuration list for PBXNativeTarget "42EventsUITests" */;
			buildPhases = (
				7442F3C2E97EF5C2864A2AA0 /* [CP] Check Pods Manifest.lock */,
				E1F325A62655035C003525D6 /* Sources */,
				E1F325A72655035C003525D6 /* Frameworks */,
				E1F325A82655035C003525D6 /* Resources */,
				6BCE7EE2831EC9CBE0754B2B /* [CP] Embed Pods Frameworks */,
			);
			buildRules = (
			);
			dependencies = (
				E1F325AC2655035C003525D6 /* PBXTargetDependency */,
			);
			name = 42EventsUITests;
			productName = 42EventsUITests;
			productReference = E1F325AA2655035C003525D6 /* 42EventsUITests.xctest */;
			productType = "com.apple.product-type.bundle.ui-testing";
		};
/* End PBXNativeTarget section */

/* Begin PBXProject section */
		E1F3258126550359003525D6 /* Project object */ = {
			isa = PBXProject;
			attributes = {
				LastSwiftUpdateCheck = 1240;
				LastUpgradeCheck = 1240;
				TargetAttributes = {
					E1F325882655035A003525D6 = {
						CreatedOnToolsVersion = 12.4;
					};
					E1F3259E2655035C003525D6 = {
						CreatedOnToolsVersion = 12.4;
						TestTargetID = E1F325882655035A003525D6;
					};
					E1F325A92655035C003525D6 = {
						CreatedOnToolsVersion = 12.4;
						TestTargetID = E1F325882655035A003525D6;
					};
				};
			};
			buildConfigurationList = E1F3258426550359003525D6 /* Build configuration list for PBXProject "42Events" */;
			compatibilityVersion = "Xcode 9.3";
			developmentRegion = en;
			hasScannedForEncodings = 0;
			knownRegions = (
				en,
				Base,
				vi,
				"zh-Hans",
				"zh-Hant",
				th,
				id,
			);
			mainGroup = E1F3258026550359003525D6;
			productRefGroup = E1F3258A2655035A003525D6 /* Products */;
			projectDirPath = "";
			projectRoot = "";
			targets = (
				E1F325882655035A003525D6 /* 42Events */,
				E1F3259E2655035C003525D6 /* 42EventsTests */,
				E1F325A92655035C003525D6 /* 42EventsUITests */,
			);
		};
/* End PBXProject section */

/* Begin PBXResourcesBuildPhase section */
		E1F325872655035A003525D6 /* Resources */ = {
			isa = PBXResourcesBuildPhase;
			buildActionMask = 2147483647;
			files = (
				E1A3910C265542E100F7E378 /* Metropolis-Thin.otf in Resources */,
				E1A3910B265542E100F7E378 /* SIL Open Font License.txt in Resources */,
				E12565C926574EE100CCCEA7 /* Localizable.strings in Resources */,
				E1A391F526560BCA00F7E378 /* EventListTableViewCell.xib in Resources */,
				E1A39161265560B000F7E378 /* SportTypeTableViewCell.xib in Resources */,
				E1F325992655035C003525D6 /* LaunchScreen.storyboard in Resources */,
				E1F325962655035C003525D6 /* Assets.xcassets in Resources */,
				E1A39110265542E100F7E378 /* Metropolis-Light.otf in Resources */,
				E1A39114265542E100F7E378 /* Metropolis-Medium.otf in Resources */,
				E1A3910A265542E100F7E378 /* Metropolis-Bold.otf in Resources */,
				E180B70F2656A6A000AC13C5 /* MedalViewCollectionViewCell.xib in Resources */,
				E1F325942655035A003525D6 /* Main.storyboard in Resources */,
				E1A3916F2655653000F7E378 /* EventActivityCollectionViewCell.xib in Resources */,
				E1A3911A265542E100F7E378 /* Metropolis-SemiBold.otf in Resources */,
				E1A3910E265542E100F7E378 /* Metropolis-ExtraBold.otf in Resources */,
				E12565822656BC8B00CCCEA7 /* SettingTableViewCell.xib in Resources */,
				E1A390CF26553FE000F7E378 /* EventsFilterVC.xib in Resources */,
				E1C30DF426561A21008CC0BA /* TagCollectionViewCell.xib in Resources */,
				E1A391A426557AA900F7E378 /* FeaturedTableViewCell.xib in Resources */,
				E1A39111265542E100F7E378 /* Metropolis-Regular.otf in Resources */,
				E12565772656BBD300CCCEA7 /* SettingsVC.xib in Resources */,
				E1A390B226553DD000F7E378 /* EventsVC.xib in Resources */,
				E1A3920026560BF100F7E378 /* EventCollectionViewCell.xib in Resources */,
			);
			runOnlyForDeploymentPostprocessing = 0;
		};
		E1F3259D2655035C003525D6 /* Resources */ = {
			isa = PBXResourcesBuildPhase;
			buildActionMask = 2147483647;
			files = (
			);
			runOnlyForDeploymentPostprocessing = 0;
		};
		E1F325A82655035C003525D6 /* Resources */ = {
			isa = PBXResourcesBuildPhase;
			buildActionMask = 2147483647;
			files = (
			);
			runOnlyForDeploymentPostprocessing = 0;
		};
/* End PBXResourcesBuildPhase section */

/* Begin PBXShellScriptBuildPhase section */
		6BCE7EE2831EC9CBE0754B2B /* [CP] Embed Pods Frameworks */ = {
			isa = PBXShellScriptBuildPhase;
			buildActionMask = 2147483647;
			files = (
			);
			inputFileListPaths = (
				"${PODS_ROOT}/Target Support Files/Pods-42Events-42EventsUITests/Pods-42Events-42EventsUITests-frameworks-${CONFIGURATION}-input-files.xcfilelist",
			);
			name = "[CP] Embed Pods Frameworks";
			outputFileListPaths = (
				"${PODS_ROOT}/Target Support Files/Pods-42Events-42EventsUITests/Pods-42Events-42EventsUITests-frameworks-${CONFIGURATION}-output-files.xcfilelist",
			);
			runOnlyForDeploymentPostprocessing = 0;
			shellPath = /bin/sh;
			shellScript = "\"${PODS_ROOT}/Target Support Files/Pods-42Events-42EventsUITests/Pods-42Events-42EventsUITests-frameworks.sh\"\n";
			showEnvVarsInLog = 0;
		};
		7442F3C2E97EF5C2864A2AA0 /* [CP] Check Pods Manifest.lock */ = {
			isa = PBXShellScriptBuildPhase;
			buildActionMask = 2147483647;
			files = (
			);
			inputFileListPaths = (
			);
			inputPaths = (
				"${PODS_PODFILE_DIR_PATH}/Podfile.lock",
				"${PODS_ROOT}/Manifest.lock",
			);
			name = "[CP] Check Pods Manifest.lock";
			outputFileListPaths = (
			);
			outputPaths = (
				"$(DERIVED_FILE_DIR)/Pods-42Events-42EventsUITests-checkManifestLockResult.txt",
			);
			runOnlyForDeploymentPostprocessing = 0;
			shellPath = /bin/sh;
			shellScript = "diff \"${PODS_PODFILE_DIR_PATH}/Podfile.lock\" \"${PODS_ROOT}/Manifest.lock\" > /dev/null\nif [ $? != 0 ] ; then\n    # print error to STDERR\n    echo \"error: The sandbox is not in sync with the Podfile.lock. Run 'pod install' or update your CocoaPods installation.\" >&2\n    exit 1\nfi\n# This output is used by Xcode 'outputs' to avoid re-running this script phase.\necho \"SUCCESS\" > \"${SCRIPT_OUTPUT_FILE_0}\"\n";
			showEnvVarsInLog = 0;
		};
		C83A56E53A31B47E624AD4AD /* [CP] Embed Pods Frameworks */ = {
			isa = PBXShellScriptBuildPhase;
			buildActionMask = 2147483647;
			files = (
			);
			inputFileListPaths = (
				"${PODS_ROOT}/Target Support Files/Pods-42Events/Pods-42Events-frameworks-${CONFIGURATION}-input-files.xcfilelist",
			);
			name = "[CP] Embed Pods Frameworks";
			outputFileListPaths = (
				"${PODS_ROOT}/Target Support Files/Pods-42Events/Pods-42Events-frameworks-${CONFIGURATION}-output-files.xcfilelist",
			);
			runOnlyForDeploymentPostprocessing = 0;
			shellPath = /bin/sh;
			shellScript = "\"${PODS_ROOT}/Target Support Files/Pods-42Events/Pods-42Events-frameworks.sh\"\n";
			showEnvVarsInLog = 0;
		};
		CD7DABDF5595EA0F81902EB0 /* [CP] Check Pods Manifest.lock */ = {
			isa = PBXShellScriptBuildPhase;
			buildActionMask = 2147483647;
			files = (
			);
			inputFileListPaths = (
			);
			inputPaths = (
				"${PODS_PODFILE_DIR_PATH}/Podfile.lock",
				"${PODS_ROOT}/Manifest.lock",
			);
			name = "[CP] Check Pods Manifest.lock";
			outputFileListPaths = (
			);
			outputPaths = (
				"$(DERIVED_FILE_DIR)/Pods-42EventsTests-checkManifestLockResult.txt",
			);
			runOnlyForDeploymentPostprocessing = 0;
			shellPath = /bin/sh;
			shellScript = "diff \"${PODS_PODFILE_DIR_PATH}/Podfile.lock\" \"${PODS_ROOT}/Manifest.lock\" > /dev/null\nif [ $? != 0 ] ; then\n    # print error to STDERR\n    echo \"error: The sandbox is not in sync with the Podfile.lock. Run 'pod install' or update your CocoaPods installation.\" >&2\n    exit 1\nfi\n# This output is used by Xcode 'outputs' to avoid re-running this script phase.\necho \"SUCCESS\" > \"${SCRIPT_OUTPUT_FILE_0}\"\n";
			showEnvVarsInLog = 0;
		};
		FBB3BE920BEA7E4F9CEE7E73 /* [CP] Check Pods Manifest.lock */ = {
			isa = PBXShellScriptBuildPhase;
			buildActionMask = 2147483647;
			files = (
			);
			inputFileListPaths = (
			);
			inputPaths = (
				"${PODS_PODFILE_DIR_PATH}/Podfile.lock",
				"${PODS_ROOT}/Manifest.lock",
			);
			name = "[CP] Check Pods Manifest.lock";
			outputFileListPaths = (
			);
			outputPaths = (
				"$(DERIVED_FILE_DIR)/Pods-42Events-checkManifestLockResult.txt",
			);
			runOnlyForDeploymentPostprocessing = 0;
			shellPath = /bin/sh;
			shellScript = "diff \"${PODS_PODFILE_DIR_PATH}/Podfile.lock\" \"${PODS_ROOT}/Manifest.lock\" > /dev/null\nif [ $? != 0 ] ; then\n    # print error to STDERR\n    echo \"error: The sandbox is not in sync with the Podfile.lock. Run 'pod install' or update your CocoaPods installation.\" >&2\n    exit 1\nfi\n# This output is used by Xcode 'outputs' to avoid re-running this script phase.\necho \"SUCCESS\" > \"${SCRIPT_OUTPUT_FILE_0}\"\n";
			showEnvVarsInLog = 0;
		};
/* End PBXShellScriptBuildPhase section */

/* Begin PBXSourcesBuildPhase section */
		E1F325852655035A003525D6 /* Sources */ = {
			isa = PBXSourcesBuildPhase;
			buildActionMask = 2147483647;
			files = (
				E180B6C6265658CF00AC13C5 /* EventTag.swift in Sources */,
				E180B6CB2656592B00AC13C5 /* EventsApi.swift in Sources */,
				E12565BF2656D2E700CCCEA7 /* Localize+Ext.swift in Sources */,
				E1A39177265565D100F7E378 /* Activity.swift in Sources */,
				E1A391FF26560BF100F7E378 /* EventCollectionViewCell.swift in Sources */,
				E1A3921226560D8300F7E378 /* UIEdgeInsets+Ext.swift in Sources */,
				E180B70E2656A6A000AC13C5 /* MedalViewCollectionViewCell.swift in Sources */,
				E122C28F2656406A008611DF /* DynamicHeightCollectionView.swift in Sources */,
				E1F325912655035A003525D6 /* EventsViewController.swift in Sources */,
				E1A391432655505900F7E378 /* Event.swift in Sources */,
				E12565E72657521900CCCEA7 /* CollectionViewCell.swift in Sources */,
				E1A39122265543CF00F7E378 /* AppColors.swift in Sources */,
				E1A391F426560BCA00F7E378 /* EventListTableViewCell.swift in Sources */,
				E1A391812655733400F7E378 /* Dictionary+Ext.swift in Sources */,
				E1A391A326557AA900F7E378 /* FeaturedTableViewCell.swift in Sources */,
				E180B7072656A3C200AC13C5 /* EventFilterResponse.swift in Sources */,
				E180B7022656A16700AC13C5 /* DynamicHeightFlowLayout.swift in Sources */,
				E1A3918F265574FD00F7E378 /* EventListResponse.swift in Sources */,
				E12565BA2656D27C00CCCEA7 /* Text.swift in Sources */,
				E1A755A9265759FD0087412E /* AppConstants.swift in Sources */,
				E125658E2656BCED00CCCEA7 /* Setting.swift in Sources */,
				E122C29426564B0A008611DF /* LeftAlignedCollectionViewFlowLayout.swift in Sources */,
				E12565A22656C55400CCCEA7 /* SwipeBackNavigationController.swift in Sources */,
				E12565762656BBD300CCCEA7 /* SettingsVC.swift in Sources */,
				E12565E22657518200CCCEA7 /* TableViewCell.swift in Sources */,
				E1A391EA265603AB00F7E378 /* String+Ext.swift in Sources */,
				E12565A72656CA9E00CCCEA7 /* Language.swift in Sources */,
				E1A391302655477000F7E378 /* AppFont.swift in Sources */,
				E1C30DF326561A21008CC0BA /* TagCollectionViewCell.swift in Sources */,
				E1A3920D26560D0700F7E378 /* PaddingLabel.swift in Sources */,
				E180B6D026565A0F00AC13C5 /* AppDialog.swift in Sources */,
				E1A391D92655823300F7E378 /* Codable+Ext.swift in Sources */,
				E1A391482655546C00F7E378 /* UITableView+Reusable.swift in Sources */,
				E1A3916E2655653000F7E378 /* EventActivityCollectionViewCell.swift in Sources */,
				E180B7172656A71500AC13C5 /* DynamicHeightCollectionViewCell.swift in Sources */,
				E1A391592655589700F7E378 /* UIImageView+Ext.swift in Sources */,
				E1A390C826553F5B00F7E378 /* BaseVC.swift in Sources */,
				E1F3258D2655035A003525D6 /* AppDelegate.swift in Sources */,
				E1A39160265560B000F7E378 /* SportTypeTableViewCell.swift in Sources */,
				E1A390CE26553FE000F7E378 /* EventsFilterVC.swift in Sources */,
				E1A390BF26553E7200F7E378 /* NetworkManager.swift in Sources */,
				E1A3917C2655669D00F7E378 /* UIView+Ext.swift in Sources */,
				E1A3913E26554E0900F7E378 /* NetworkRouter.swift in Sources */,
				E12565812656BC8B00CCCEA7 /* SettingTableViewCell.swift in Sources */,
				E1A390B126553DD000F7E378 /* EventsVC.swift in Sources */,
			);
			runOnlyForDeploymentPostprocessing = 0;
		};
		E1F3259B2655035C003525D6 /* Sources */ = {
			isa = PBXSourcesBuildPhase;
			buildActionMask = 2147483647;
			files = (
				E1F325A42655035C003525D6 /* _2EventsTests.swift in Sources */,
			);
			runOnlyForDeploymentPostprocessing = 0;
		};
		E1F325A62655035C003525D6 /* Sources */ = {
			isa = PBXSourcesBuildPhase;
			buildActionMask = 2147483647;
			files = (
				E1F325AF2655035C003525D6 /* _2EventsUITests.swift in Sources */,
			);
			runOnlyForDeploymentPostprocessing = 0;
		};
/* End PBXSourcesBuildPhase section */

/* Begin PBXTargetDependency section */
		E1F325A12655035C003525D6 /* PBXTargetDependency */ = {
			isa = PBXTargetDependency;
			target = E1F325882655035A003525D6 /* 42Events */;
			targetProxy = E1F325A02655035C003525D6 /* PBXContainerItemProxy */;
		};
		E1F325AC2655035C003525D6 /* PBXTargetDependency */ = {
			isa = PBXTargetDependency;
			target = E1F325882655035A003525D6 /* 42Events */;
			targetProxy = E1F325AB2655035C003525D6 /* PBXContainerItemProxy */;
		};
/* End PBXTargetDependency section */

/* Begin PBXVariantGroup section */
		E12565CB26574EE100CCCEA7 /* Localizable.strings */ = {
			isa = PBXVariantGroup;
			children = (
				E12565CA26574EE100CCCEA7 /* en */,
				E12565D126574F4B00CCCEA7 /* vi */,
				E12565D726574F5800CCCEA7 /* zh-Hans */,
				E12565DA26574F6100CCCEA7 /* zh-Hant */,
				E12565DD2657512900CCCEA7 /* th */,
				E12565E02657513500CCCEA7 /* id */,
			);
			name = Localizable.strings;
			sourceTree = "<group>";
		};
		E1F325922655035A003525D6 /* Main.storyboard */ = {
			isa = PBXVariantGroup;
			children = (
				E1F325932655035A003525D6 /* Base */,
				E12565CF26574F4B00CCCEA7 /* vi */,
				E12565D526574F5800CCCEA7 /* zh-Hans */,
				E12565D826574F6100CCCEA7 /* zh-Hant */,
				E12565DB2657512900CCCEA7 /* th */,
				E12565DE2657513500CCCEA7 /* id */,
			);
			name = Main.storyboard;
			sourceTree = "<group>";
		};
		E1F325972655035C003525D6 /* LaunchScreen.storyboard */ = {
			isa = PBXVariantGroup;
			children = (
				E1F325982655035C003525D6 /* Base */,
				E12565D026574F4B00CCCEA7 /* vi */,
				E12565D626574F5800CCCEA7 /* zh-Hans */,
				E12565D926574F6100CCCEA7 /* zh-Hant */,
				E12565DC2657512900CCCEA7 /* th */,
				E12565DF2657513500CCCEA7 /* id */,
			);
			name = LaunchScreen.storyboard;
			sourceTree = "<group>";
		};
/* End PBXVariantGroup section */

/* Begin XCBuildConfiguration section */
		E1F325B12655035C003525D6 /* Debug */ = {
			isa = XCBuildConfiguration;
			buildSettings = {
				ALWAYS_SEARCH_USER_PATHS = NO;
				CLANG_ANALYZER_LOCALIZABILITY_NONLOCALIZED = YES;
				CLANG_ANALYZER_NONNULL = YES;
				CLANG_ANALYZER_NUMBER_OBJECT_CONVERSION = YES_AGGRESSIVE;
				CLANG_CXX_LANGUAGE_STANDARD = "gnu++14";
				CLANG_CXX_LIBRARY = "libc++";
				CLANG_ENABLE_MODULES = YES;
				CLANG_ENABLE_OBJC_ARC = YES;
				CLANG_ENABLE_OBJC_WEAK = YES;
				CLANG_WARN_BLOCK_CAPTURE_AUTORELEASING = YES;
				CLANG_WARN_BOOL_CONVERSION = YES;
				CLANG_WARN_COMMA = YES;
				CLANG_WARN_CONSTANT_CONVERSION = YES;
				CLANG_WARN_DEPRECATED_OBJC_IMPLEMENTATIONS = YES;
				CLANG_WARN_DIRECT_OBJC_ISA_USAGE = YES_ERROR;
				CLANG_WARN_DOCUMENTATION_COMMENTS = YES;
				CLANG_WARN_EMPTY_BODY = YES;
				CLANG_WARN_ENUM_CONVERSION = YES;
				CLANG_WARN_INFINITE_RECURSION = YES;
				CLANG_WARN_INT_CONVERSION = YES;
				CLANG_WARN_NON_LITERAL_NULL_CONVERSION = YES;
				CLANG_WARN_OBJC_IMPLICIT_RETAIN_SELF = YES;
				CLANG_WARN_OBJC_LITERAL_CONVERSION = YES;
				CLANG_WARN_OBJC_ROOT_CLASS = YES_ERROR;
				CLANG_WARN_QUOTED_INCLUDE_IN_FRAMEWORK_HEADER = YES;
				CLANG_WARN_RANGE_LOOP_ANALYSIS = YES;
				CLANG_WARN_STRICT_PROTOTYPES = YES;
				CLANG_WARN_SUSPICIOUS_MOVE = YES;
				CLANG_WARN_UNGUARDED_AVAILABILITY = YES_AGGRESSIVE;
				CLANG_WARN_UNREACHABLE_CODE = YES;
				CLANG_WARN__DUPLICATE_METHOD_MATCH = YES;
				COPY_PHASE_STRIP = NO;
				DEBUG_INFORMATION_FORMAT = dwarf;
				ENABLE_STRICT_OBJC_MSGSEND = YES;
				ENABLE_TESTABILITY = YES;
				GCC_C_LANGUAGE_STANDARD = gnu11;
				GCC_DYNAMIC_NO_PIC = NO;
				GCC_NO_COMMON_BLOCKS = YES;
				GCC_OPTIMIZATION_LEVEL = 0;
				GCC_PREPROCESSOR_DEFINITIONS = (
					"DEBUG=1",
					"$(inherited)",
				);
				GCC_WARN_64_TO_32_BIT_CONVERSION = YES;
				GCC_WARN_ABOUT_RETURN_TYPE = YES_ERROR;
				GCC_WARN_UNDECLARED_SELECTOR = YES;
				GCC_WARN_UNINITIALIZED_AUTOS = YES_AGGRESSIVE;
				GCC_WARN_UNUSED_FUNCTION = YES;
				GCC_WARN_UNUSED_VARIABLE = YES;
				IPHONEOS_DEPLOYMENT_TARGET = 11.0;
				MTL_ENABLE_DEBUG_INFO = INCLUDE_SOURCE;
				MTL_FAST_MATH = YES;
				ONLY_ACTIVE_ARCH = YES;
				SDKROOT = iphoneos;
				SWIFT_ACTIVE_COMPILATION_CONDITIONS = DEBUG;
				SWIFT_OPTIMIZATION_LEVEL = "-Onone";
			};
			name = Debug;
		};
		E1F325B22655035C003525D6 /* Release */ = {
			isa = XCBuildConfiguration;
			buildSettings = {
				ALWAYS_SEARCH_USER_PATHS = NO;
				CLANG_ANALYZER_LOCALIZABILITY_NONLOCALIZED = YES;
				CLANG_ANALYZER_NONNULL = YES;
				CLANG_ANALYZER_NUMBER_OBJECT_CONVERSION = YES_AGGRESSIVE;
				CLANG_CXX_LANGUAGE_STANDARD = "gnu++14";
				CLANG_CXX_LIBRARY = "libc++";
				CLANG_ENABLE_MODULES = YES;
				CLANG_ENABLE_OBJC_ARC = YES;
				CLANG_ENABLE_OBJC_WEAK = YES;
				CLANG_WARN_BLOCK_CAPTURE_AUTORELEASING = YES;
				CLANG_WARN_BOOL_CONVERSION = YES;
				CLANG_WARN_COMMA = YES;
				CLANG_WARN_CONSTANT_CONVERSION = YES;
				CLANG_WARN_DEPRECATED_OBJC_IMPLEMENTATIONS = YES;
				CLANG_WARN_DIRECT_OBJC_ISA_USAGE = YES_ERROR;
				CLANG_WARN_DOCUMENTATION_COMMENTS = YES;
				CLANG_WARN_EMPTY_BODY = YES;
				CLANG_WARN_ENUM_CONVERSION = YES;
				CLANG_WARN_INFINITE_RECURSION = YES;
				CLANG_WARN_INT_CONVERSION = YES;
				CLANG_WARN_NON_LITERAL_NULL_CONVERSION = YES;
				CLANG_WARN_OBJC_IMPLICIT_RETAIN_SELF = YES;
				CLANG_WARN_OBJC_LITERAL_CONVERSION = YES;
				CLANG_WARN_OBJC_ROOT_CLASS = YES_ERROR;
				CLANG_WARN_QUOTED_INCLUDE_IN_FRAMEWORK_HEADER = YES;
				CLANG_WARN_RANGE_LOOP_ANALYSIS = YES;
				CLANG_WARN_STRICT_PROTOTYPES = YES;
				CLANG_WARN_SUSPICIOUS_MOVE = YES;
				CLANG_WARN_UNGUARDED_AVAILABILITY = YES_AGGRESSIVE;
				CLANG_WARN_UNREACHABLE_CODE = YES;
				CLANG_WARN__DUPLICATE_METHOD_MATCH = YES;
				COPY_PHASE_STRIP = NO;
				DEBUG_INFORMATION_FORMAT = "dwarf-with-dsym";
				ENABLE_NS_ASSERTIONS = NO;
				ENABLE_STRICT_OBJC_MSGSEND = YES;
				GCC_C_LANGUAGE_STANDARD = gnu11;
				GCC_NO_COMMON_BLOCKS = YES;
				GCC_WARN_64_TO_32_BIT_CONVERSION = YES;
				GCC_WARN_ABOUT_RETURN_TYPE = YES_ERROR;
				GCC_WARN_UNDECLARED_SELECTOR = YES;
				GCC_WARN_UNINITIALIZED_AUTOS = YES_AGGRESSIVE;
				GCC_WARN_UNUSED_FUNCTION = YES;
				GCC_WARN_UNUSED_VARIABLE = YES;
				IPHONEOS_DEPLOYMENT_TARGET = 11.0;
				MTL_ENABLE_DEBUG_INFO = NO;
				MTL_FAST_MATH = YES;
				SDKROOT = iphoneos;
				SWIFT_COMPILATION_MODE = wholemodule;
				SWIFT_OPTIMIZATION_LEVEL = "-O";
				VALIDATE_PRODUCT = YES;
			};
			name = Release;
		};
		E1F325B42655035C003525D6 /* Debug */ = {
			isa = XCBuildConfiguration;
			baseConfigurationReference = 78E1203D771C94FC272B8216 /* Pods-42Events.debug.xcconfig */;
			buildSettings = {
				ASSETCATALOG_COMPILER_APPICON_NAME = AppIcon;
				ASSETCATALOG_COMPILER_GLOBAL_ACCENT_COLOR_NAME = AccentColor;
				CODE_SIGN_STYLE = Automatic;
				DEVELOPMENT_TEAM = ZCX458UUY2;
				INFOPLIST_FILE = 42Events/Info.plist;
				LD_RUNPATH_SEARCH_PATHS = (
					"$(inherited)",
					"@executable_path/Frameworks",
				);
				PRODUCT_BUNDLE_IDENTIFIER = com.app.42events;
				PRODUCT_NAME = "$(TARGET_NAME)";
				SWIFT_VERSION = 5.0;
				TARGETED_DEVICE_FAMILY = "1,2";
			};
			name = Debug;
		};
		E1F325B52655035C003525D6 /* Release */ = {
			isa = XCBuildConfiguration;
			baseConfigurationReference = 8F6CC5428B84EBEFA097FB4B /* Pods-42Events.release.xcconfig */;
			buildSettings = {
				ASSETCATALOG_COMPILER_APPICON_NAME = AppIcon;
				ASSETCATALOG_COMPILER_GLOBAL_ACCENT_COLOR_NAME = AccentColor;
				CODE_SIGN_STYLE = Automatic;
				DEVELOPMENT_TEAM = ZCX458UUY2;
				INFOPLIST_FILE = 42Events/Info.plist;
				LD_RUNPATH_SEARCH_PATHS = (
					"$(inherited)",
					"@executable_path/Frameworks",
				);
				PRODUCT_BUNDLE_IDENTIFIER = com.app.42events;
				PRODUCT_NAME = "$(TARGET_NAME)";
				SWIFT_VERSION = 5.0;
				TARGETED_DEVICE_FAMILY = "1,2";
			};
			name = Release;
		};
		E1F325B72655035C003525D6 /* Debug */ = {
			isa = XCBuildConfiguration;
			baseConfigurationReference = 4CC8E0936DA8C7710B388D7F /* Pods-42EventsTests.debug.xcconfig */;
			buildSettings = {
				ALWAYS_EMBED_SWIFT_STANDARD_LIBRARIES = YES;
				BUNDLE_LOADER = "$(TEST_HOST)";
				CODE_SIGN_STYLE = Automatic;
				DEVELOPMENT_TEAM = ZCX458UUY2;
				INFOPLIST_FILE = 42EventsTests/Info.plist;
				IPHONEOS_DEPLOYMENT_TARGET = 14.4;
				LD_RUNPATH_SEARCH_PATHS = (
					"$(inherited)",
					"@executable_path/Frameworks",
					"@loader_path/Frameworks",
				);
				PRODUCT_BUNDLE_IDENTIFIER = "com.app.42events.-2EventsTests";
				PRODUCT_NAME = "$(TARGET_NAME)";
				SWIFT_VERSION = 5.0;
				TARGETED_DEVICE_FAMILY = "1,2";
				TEST_HOST = "$(BUILT_PRODUCTS_DIR)/42Events.app/42Events";
			};
			name = Debug;
		};
		E1F325B82655035C003525D6 /* Release */ = {
			isa = XCBuildConfiguration;
			baseConfigurationReference = F60058FC7EE6DEA91512B729 /* Pods-42EventsTests.release.xcconfig */;
			buildSettings = {
				ALWAYS_EMBED_SWIFT_STANDARD_LIBRARIES = YES;
				BUNDLE_LOADER = "$(TEST_HOST)";
				CODE_SIGN_STYLE = Automatic;
				DEVELOPMENT_TEAM = ZCX458UUY2;
				INFOPLIST_FILE = 42EventsTests/Info.plist;
				IPHONEOS_DEPLOYMENT_TARGET = 14.4;
				LD_RUNPATH_SEARCH_PATHS = (
					"$(inherited)",
					"@executable_path/Frameworks",
					"@loader_path/Frameworks",
				);
				PRODUCT_BUNDLE_IDENTIFIER = "com.app.42events.-2EventsTests";
				PRODUCT_NAME = "$(TARGET_NAME)";
				SWIFT_VERSION = 5.0;
				TARGETED_DEVICE_FAMILY = "1,2";
				TEST_HOST = "$(BUILT_PRODUCTS_DIR)/42Events.app/42Events";
			};
			name = Release;
		};
		E1F325BA2655035C003525D6 /* Debug */ = {
			isa = XCBuildConfiguration;
			baseConfigurationReference = 267F38CB6C995256EA626B0C /* Pods-42Events-42EventsUITests.debug.xcconfig */;
			buildSettings = {
				ALWAYS_EMBED_SWIFT_STANDARD_LIBRARIES = YES;
				CODE_SIGN_STYLE = Automatic;
				DEVELOPMENT_TEAM = ZCX458UUY2;
				INFOPLIST_FILE = 42EventsUITests/Info.plist;
				LD_RUNPATH_SEARCH_PATHS = (
					"$(inherited)",
					"@executable_path/Frameworks",
					"@loader_path/Frameworks",
				);
				PRODUCT_BUNDLE_IDENTIFIER = "com.app.42events.-2EventsUITests";
				PRODUCT_NAME = "$(TARGET_NAME)";
				SWIFT_VERSION = 5.0;
				TARGETED_DEVICE_FAMILY = "1,2";
				TEST_TARGET_NAME = 42Events;
			};
			name = Debug;
		};
		E1F325BB2655035C003525D6 /* Release */ = {
			isa = XCBuildConfiguration;
			baseConfigurationReference = 35CAB9304AD0D2F88E0DD754 /* Pods-42Events-42EventsUITests.release.xcconfig */;
			buildSettings = {
				ALWAYS_EMBED_SWIFT_STANDARD_LIBRARIES = YES;
				CODE_SIGN_STYLE = Automatic;
				DEVELOPMENT_TEAM = ZCX458UUY2;
				INFOPLIST_FILE = 42EventsUITests/Info.plist;
				LD_RUNPATH_SEARCH_PATHS = (
					"$(inherited)",
					"@executable_path/Frameworks",
					"@loader_path/Frameworks",
				);
				PRODUCT_BUNDLE_IDENTIFIER = "com.app.42events.-2EventsUITests";
				PRODUCT_NAME = "$(TARGET_NAME)";
				SWIFT_VERSION = 5.0;
				TARGETED_DEVICE_FAMILY = "1,2";
				TEST_TARGET_NAME = 42Events;
			};
			name = Release;
		};
/* End XCBuildConfiguration section */

/* Begin XCConfigurationList section */
		E1F3258426550359003525D6 /* Build configuration list for PBXProject "42Events" */ = {
			isa = XCConfigurationList;
			buildConfigurations = (
				E1F325B12655035C003525D6 /* Debug */,
				E1F325B22655035C003525D6 /* Release */,
			);
			defaultConfigurationIsVisible = 0;
			defaultConfigurationName = Release;
		};
		E1F325B32655035C003525D6 /* Build configuration list for PBXNativeTarget "42Events" */ = {
			isa = XCConfigurationList;
			buildConfigurations = (
				E1F325B42655035C003525D6 /* Debug */,
				E1F325B52655035C003525D6 /* Release */,
			);
			defaultConfigurationIsVisible = 0;
			defaultConfigurationName = Release;
		};
		E1F325B62655035C003525D6 /* Build configuration list for PBXNativeTarget "42EventsTests" */ = {
			isa = XCConfigurationList;
			buildConfigurations = (
				E1F325B72655035C003525D6 /* Debug */,
				E1F325B82655035C003525D6 /* Release */,
			);
			defaultConfigurationIsVisible = 0;
			defaultConfigurationName = Release;
		};
		E1F325B92655035C003525D6 /* Build configuration list for PBXNativeTarget "42EventsUITests" */ = {
			isa = XCConfigurationList;
			buildConfigurations = (
				E1F325BA2655035C003525D6 /* Debug */,
				E1F325BB2655035C003525D6 /* Release */,
			);
			defaultConfigurationIsVisible = 0;
			defaultConfigurationName = Release;
		};
/* End XCConfigurationList section */
	};
	rootObject = E1F3258126550359003525D6 /* Project object */;
}
